
Microsoft Visual Studio Solution File, Format Version 12.00
# Visual Studio 14
VisualStudioVersion = 14.0.25420.1
MinimumVisualStudioVersion = 10.0.40219.1
Project("{FAE04EC0-301F-11D3-BF4B-00C04F79EFBC}") = "WindowsFormsApplication14", "WindowsFormsApplication14\WindowsFormsApplication14.csproj", "{1EA8491C-ED74-46F4-A07C-4326153CBDA4}"
EndProject
Global
	GlobalSection(SolutionConfigurationPlatforms) = preSolution
		Debug|Any CPU = Debug|Any CPU
		Release|Any CPU = Release|Any CPU
	EndGlobalSection
	GlobalSection(ProjectConfigurationPlatforms) = postSolution
		{1EA8491C-ED74-46F4-A07C-4326153CBDA4}.Debug|Any CPU.ActiveCfg = Debug|Any CPU
		{1EA8491C-ED74-46F4-A07C-4326153CBDA4}.Debug|Any CPU.Build.0 = Debug|Any CPU
		{1EA8491C-ED74-46F4-A07C-4326153CBDA4}.Release|Any CPU.ActiveCfg = Release|Any CPU
		{1EA8491C-ED74-46F4-A07C-4326153CBDA4}.Release|Any CPU.Build.0 = Release|Any CPU
	EndGlobalSection
	GlobalSection(SolutionProperties) = preSolution
		HideSolutionNode = FALSE
	EndGlobalSection
EndGlobal
